// !$*UTF8*$!
{
	archiveVersion = 1;
	classes = {
	};
	objectVersion = 55;
	objects = {

/* Begin PBXBuildFile section */
		511738DD27ED4ADD006EAAB2 /* AppDelegate.swift in Sources */ = {isa = PBXBuildFile; fileRef = 511738DC27ED4ADD006EAAB2 /* AppDelegate.swift */; };
		511738DF27ED4ADD006EAAB2 /* SceneDelegate.swift in Sources */ = {isa = PBXBuildFile; fileRef = 511738DE27ED4ADD006EAAB2 /* SceneDelegate.swift */; };
		511738E127ED4ADD006EAAB2 /* ViewController.swift in Sources */ = {isa = PBXBuildFile; fileRef = 511738E027ED4ADD006EAAB2 /* ViewController.swift */; };
		511738E427ED4ADD006EAAB2 /* Main.storyboard in Resources */ = {isa = PBXBuildFile; fileRef = 511738E227ED4ADD006EAAB2 /* Main.storyboard */; };
		511738E627ED4AE1006EAAB2 /* Assets.xcassets in Resources */ = {isa = PBXBuildFile; fileRef = 511738E527ED4AE1006EAAB2 /* Assets.xcassets */; };
		511738E927ED4AE1006EAAB2 /* LaunchScreen.storyboard in Resources */ = {isa = PBXBuildFile; fileRef = 511738E727ED4AE1006EAAB2 /* LaunchScreen.storyboard */; };
		511738F427ED4AE1006EAAB2 /* ContactTableViewAppTests.swift in Sources */ = {isa = PBXBuildFile; fileRef = 511738F327ED4AE1006EAAB2 /* ContactTableViewAppTests.swift */; };
		511738FE27ED4AE1006EAAB2 /* ContactTableViewAppUITests.swift in Sources */ = {isa = PBXBuildFile; fileRef = 511738FD27ED4AE1006EAAB2 /* ContactTableViewAppUITests.swift */; };
		5117390027ED4AE1006EAAB2 /* ContactTableViewAppUITestsLaunchTests.swift in Sources */ = {isa = PBXBuildFile; fileRef = 511738FF27ED4AE1006EAAB2 /* ContactTableViewAppUITestsLaunchTests.swift */; };
/* End PBXBuildFile section */

/* Begin PBXContainerItemProxy section */
		511738F027ED4AE1006EAAB2 /* PBXContainerItemProxy */ = {
			isa = PBXContainerItemProxy;
			containerPortal = 511738D127ED4ADD006EAAB2 /* Project object */;
			proxyType = 1;
			remoteGlobalIDString = 511738D827ED4ADD006EAAB2;
			remoteInfo = ContactTableViewApp;
		};
		511738FA27ED4AE1006EAAB2 /* PBXContainerItemProxy */ = {
			isa = PBXContainerItemProxy;
			containerPortal = 511738D127ED4ADD006EAAB2 /* Project object */;
			proxyType = 1;
			remoteGlobalIDString = 511738D827ED4ADD006EAAB2;
			remoteInfo = ContactTableViewApp;
		};
/* End PBXContainerItemProxy section */

/* Begin PBXFileReference section */
		511738D927ED4ADD006EAAB2 /* ContactTableViewApp.app */ = {isa = PBXFileReference; explicitFileType = wrapper.application; includeInIndex = 0; path = ContactTableViewApp.app; sourceTree = BUILT_PRODUCTS_DIR; };
		511738DC27ED4ADD006EAAB2 /* AppDelegate.swift */ = {isa = PBXFileReference; lastKnownFileType = sourcecode.swift; path = AppDelegate.swift; sourceTree = "<group>"; };
		511738DE27ED4ADD006EAAB2 /* SceneDelegate.swift */ = {isa = PBXFileReference; lastKnownFileType = sourcecode.swift; path = SceneDelegate.swift; sourceTree = "<group>"; };
		511738E027ED4ADD006EAAB2 /* ViewController.swift */ = {isa = PBXFileReference; lastKnownFileType = sourcecode.swift; path = ViewController.swift; sourceTree = "<group>"; };
		511738E327ED4ADD006EAAB2 /* Base */ = {isa = PBXFileReference; lastKnownFileType = file.storyboard; name = Base; path = Base.lproj/Main.storyboard; sourceTree = "<group>"; };
		511738E527ED4AE1006EAAB2 /* Assets.xcassets */ = {isa = PBXFileReference; lastKnownFileType = folder.assetcatalog; path = Assets.xcassets; sourceTree = "<group>"; };
		511738E827ED4AE1006EAAB2 /* Base */ = {isa = PBXFileReference; lastKnownFileType = file.storyboard; name = Base; path = Base.lproj/LaunchScreen.storyboard; sourceTree = "<group>"; };
		511738EA27ED4AE1006EAAB2 /* Info.plist */ = {isa = PBXFileReference; lastKnownFileType = text.plist.xml; path = Info.plist; sourceTree = "<group>"; };
		511738EF27ED4AE1006EAAB2 /* ContactTableViewAppTests.xctest */ = {isa = PBXFileReference; explicitFileType = wrapper.cfbundle; includeInIndex = 0; path = ContactTableViewAppTests.xctest; sourceTree = BUILT_PRODUCTS_DIR; };
		511738F327ED4AE1006EAAB2 /* ContactTableViewAppTests.swift */ = {isa = PBXFileReference; lastKnownFileType = sourcecode.swift; path = ContactTableViewAppTests.swift; sourceTree = "<group>"; };
		511738F927ED4AE1006EAAB2 /* ContactTableViewAppUITests.xctest */ = {isa = PBXFileReference; explicitFileType = wrapper.cfbundle; includeInIndex = 0; path = ContactTableViewAppUITests.xctest; sourceTree = BUILT_PRODUCTS_DIR; };
		511738FD27ED4AE1006EAAB2 /* ContactTableViewAppUITests.swift */ = {isa = PBXFileReference; lastKnownFileType = sourcecode.swift; path = ContactTableViewAppUITests.swift; sourceTree = "<group>"; };
		511738FF27ED4AE1006EAAB2 /* ContactTableViewAppUITestsLaunchTests.swift */ = {isa = PBXFileReference; lastKnownFileType = sourcecode.swift; path = ContactTableViewAppUITestsLaunchTests.swift; sourceTree = "<group>"; };
/* End PBXFileReference section */

/* Begin PBXFrameworksBuildPhase section */
		511738D627ED4ADD006EAAB2 /* Frameworks */ = {
			isa = PBXFrameworksBuildPhase;
			buildActionMask = 2147483647;
			files = (
			);
			runOnlyForDeploymentPostprocessing = 0;
		};
		511738EC27ED4AE1006EAAB2 /* Frameworks */ = {
			isa = PBXFrameworksBuildPhase;
			buildActionMask = 2147483647;
			files = (
			);
			runOnlyForDeploymentPostprocessing = 0;
		};
		511738F627ED4AE1006EAAB2 /* Frameworks */ = {
			isa = PBXFrameworksBuildPhase;
			buildActionMask = 2147483647;
			files = (
			);
			runOnlyForDeploymentPostprocessing = 0;
		};
/* End PBXFrameworksBuildPhase section */

/* Begin PBXGroup section */
		511738D027ED4ADD006EAAB2 = {
			isa = PBXGroup;
			children = (
				511738DB27ED4ADD006EAAB2 /* ContactTableViewApp */,
				511738F227ED4AE1006EAAB2 /* ContactTableViewAppTests */,
				511738FC27ED4AE1006EAAB2 /* ContactTableViewAppUITests */,
				511738DA27ED4ADD006EAAB2 /* Products */,
			);
			sourceTree = "<group>";
		};
		511738DA27ED4ADD006EAAB2 /* Products */ = {
			isa = PBXGroup;
			children = (
				511738D927ED4ADD006EAAB2 /* ContactTableViewApp.app */,
				511738EF27ED4AE1006EAAB2 /* ContactTableViewAppTests.xctest */,
				511738F927ED4AE1006EAAB2 /* ContactTableViewAppUITests.xctest */,
			);
			name = Products;
			sourceTree = "<group>";
		};
		511738DB27ED4ADD006EAAB2 /* ContactTableViewApp */ = {
			isa = PBXGroup;
			children = (
				511738DC27ED4ADD006EAAB2 /* AppDelegate.swift */,
				511738DE27ED4ADD006EAAB2 /* SceneDelegate.swift */,
				511738E027ED4ADD006EAAB2 /* ViewController.swift */,
				511738E227ED4ADD006EAAB2 /* Main.storyboard */,
				511738E527ED4AE1006EAAB2 /* Assets.xcassets */,
				511738E727ED4AE1006EAAB2 /* LaunchScreen.storyboard */,
				511738EA27ED4AE1006EAAB2 /* Info.plist */,
			);
			path = ContactTableViewApp;
			sourceTree = "<group>";
		};
		511738F227ED4AE1006EAAB2 /* ContactTableViewAppTests */ = {
			isa = PBXGroup;
			children = (
				511738F327ED4AE1006EAAB2 /* ContactTableViewAppTests.swift */,
			);
			path = ContactTableViewAppTests;
			sourceTree = "<group>";
		};
		511738FC27ED4AE1006EAAB2 /* ContactTableViewAppUITests */ = {
			isa = PBXGroup;
			children = (
				511738FD27ED4AE1006EAAB2 /* ContactTableViewAppUITests.swift */,
				511738FF27ED4AE1006EAAB2 /* ContactTableViewAppUITestsLaunchTests.swift */,
			);
			path = ContactTableViewAppUITests;
			sourceTree = "<group>";
		};
/* End PBXGroup section */

/* Begin PBXNativeTarget section */
		511738D827ED4ADD006EAAB2 /* ContactTableViewApp */ = {
			isa = PBXNativeTarget;
			buildConfigurationList = 5117390327ED4AE1006EAAB2 /* Build configuration list for PBXNativeTarget "ContactTableViewApp" */;
			buildPhases = (
				511738D527ED4ADD006EAAB2 /* Sources */,
				511738D627ED4ADD006EAAB2 /* Frameworks */,
				511738D727ED4ADD006EAAB2 /* Resources */,
			);
			buildRules = (
			);
			dependencies = (
			);
			name = ContactTableViewApp;
			productName = ContactTableViewApp;
			productReference = 511738D927ED4ADD006EAAB2 /* ContactTableViewApp.app */;
			productType = "com.apple.product-type.application";
		};
		511738EE27ED4AE1006EAAB2 /* ContactTableViewAppTests */ = {
			isa = PBXNativeTarget;
			buildConfigurationList = 5117390627ED4AE1006EAAB2 /* Build configuration list for PBXNativeTarget "ContactTableViewAppTests" */;
			buildPhases = (
				511738EB27ED4AE1006EAAB2 /* Sources */,
				511738EC27ED4AE1006EAAB2 /* Frameworks */,
				511738ED27ED4AE1006EAAB2 /* Resources */,
			);
			buildRules = (
			);
			dependencies = (
				511738F127ED4AE1006EAAB2 /* PBXTargetDependency */,
			);
			name = ContactTableViewAppTests;
			productName = ContactTableViewAppTests;
			productReference = 511738EF27ED4AE1006EAAB2 /* ContactTableViewAppTests.xctest */;
			productType = "com.apple.product-type.bundle.unit-test";
		};
		511738F827ED4AE1006EAAB2 /* ContactTableViewAppUITests */ = {
			isa = PBXNativeTarget;
			buildConfigurationList = 5117390927ED4AE1006EAAB2 /* Build configuration list for PBXNativeTarget "ContactTableViewAppUITests" */;
			buildPhases = (
				511738F527ED4AE1006EAAB2 /* Sources */,
				511738F627ED4AE1006EAAB2 /* Frameworks */,
				511738F727ED4AE1006EAAB2 /* Resources */,
			);
			buildRules = (
			);
			dependencies = (
				511738FB27ED4AE1006EAAB2 /* PBXTargetDependency */,
			);
			name = ContactTableViewAppUITests;
			productName = ContactTableViewAppUITests;
			productReference = 511738F927ED4AE1006EAAB2 /* ContactTableViewAppUITests.xctest */;
			productType = "com.apple.product-type.bundle.ui-testing";
		};
/* End PBXNativeTarget section */

/* Begin PBXProject section */
		511738D127ED4ADD006EAAB2 /* Project object */ = {
			isa = PBXProject;
			attributes = {
				BuildIndependentTargetsInParallel = 1;
				LastSwiftUpdateCheck = 1320;
				LastUpgradeCheck = 1320;
				TargetAttributes = {
					511738D827ED4ADD006EAAB2 = {
						CreatedOnToolsVersion = 13.2.1;
					};
					511738EE27ED4AE1006EAAB2 = {
						CreatedOnToolsVersion = 13.2.1;
						TestTargetID = 511738D827ED4ADD006EAAB2;
					};
					511738F827ED4AE1006EAAB2 = {
						CreatedOnToolsVersion = 13.2.1;
						TestTargetID = 511738D827ED4ADD006EAAB2;
					};
				};
			};
			buildConfigurationList = 511738D427ED4ADD006EAAB2 /* Build configuration list for PBXProject "ContactTableViewApp" */;
			compatibilityVersion = "Xcode 13.0";
			developmentRegion = en;
			hasScannedForEncodings = 0;
			knownRegions = (
				en,
				Base,
			);
			mainGroup = 511738D027ED4ADD006EAAB2;
			productRefGroup = 511738DA27ED4ADD006EAAB2 /* Products */;
			projectDirPath = "";
			projectRoot = "";
			targets = (
				511738D827ED4ADD006EAAB2 /* ContactTableViewApp */,
				511738EE27ED4AE1006EAAB2 /* ContactTableViewAppTests */,
				511738F827ED4AE1006EAAB2 /* ContactTableViewAppUITests */,
			);
		};
/* End PBXProject section */

/* Begin PBXResourcesBuildPhase section */
		511738D727ED4ADD006EAAB2 /* Resources */ = {
			isa = PBXResourcesBuildPhase;
			buildActionMask = 2147483647;
			files = (
				511738E927ED4AE1006EAAB2 /* LaunchScreen.storyboard in Resources */,
				511738E627ED4AE1006EAAB2 /* Assets.xcassets in Resources */,
				511738E427ED4ADD006EAAB2 /* Main.storyboard in Resources */,
			);
			runOnlyForDeploymentPostprocessing = 0;
		};
		511738ED27ED4AE1006EAAB2 /* Resources */ = {
			isa = PBXResourcesBuildPhase;
			buildActionMask = 2147483647;
			files = (
			);
			runOnlyForDeploymentPostprocessing = 0;
		};
		511738F727ED4AE1006EAAB2 /* Resources */ = {
			isa = PBXResourcesBuildPhase;
			buildActionMask = 2147483647;
			files = (
			);
			runOnlyForDeploymentPostprocessing = 0;
		};
/* End PBXResourcesBuildPhase section */

/* Begin PBXSourcesBuildPhase section */
		511738D527ED4ADD006EAAB2 /* Sources */ = {
			isa = PBXSourcesBuildPhase;
			buildActionMask = 2147483647;
			files = (
				511738E127ED4ADD006EAAB2 /* ViewController.swift in Sources */,
				511738DD27ED4ADD006EAAB2 /* AppDelegate.swift in Sources */,
				511738DF27ED4ADD006EAAB2 /* SceneDelegate.swift in Sources */,
			);
			runOnlyForDeploymentPostprocessing = 0;
		};
		511738EB27ED4AE1006EAAB2 /* Sources */ = {
			isa = PBXSourcesBuildPhase;
			buildActionMask = 2147483647;
			files = (
				511738F427ED4AE1006EAAB2 /* ContactTableViewAppTests.swift in Sources */,
			);
			runOnlyForDeploymentPostprocessing = 0;
		};
		511738F527ED4AE1006EAAB2 /* Sources */ = {
			isa = PBXSourcesBuildPhase;
			buildActionMask = 2147483647;
			files = (
				511738FE27ED4AE1006EAAB2 /* ContactTableViewAppUITests.swift in Sources */,
				5117390027ED4AE1006EAAB2 /* ContactTableViewAppUITestsLaunchTests.swift in Sources */,
			);
			runOnlyForDeploymentPostprocessing = 0;
		};
/* End PBXSourcesBuildPhase section */

/* Begin PBXTargetDependency section */
		511738F127ED4AE1006EAAB2 /* PBXTargetDependency */ = {
			isa = PBXTargetDependency;
			target = 511738D827ED4ADD006EAAB2 /* ContactTableViewApp */;
			targetProxy = 511738F027ED4AE1006EAAB2 /* PBXContainerItemProxy */;
		};
		511738FB27ED4AE1006EAAB2 /* PBXTargetDependency */ = {
			isa = PBXTargetDependency;
			target = 511738D827ED4ADD006EAAB2 /* ContactTableViewApp */;
			targetProxy = 511738FA27ED4AE1006EAAB2 /* PBXContainerItemProxy */;
		};
/* End PBXTargetDependency section */

/* Begin PBXVariantGroup section */
		511738E227ED4ADD006EAAB2 /* Main.storyboard */ = {
			isa = PBXVariantGroup;
			children = (
				511738E327ED4ADD006EAAB2 /* Base */,
			);
			name = Main.storyboard;
			sourceTree = "<group>";
		};
		511738E727ED4AE1006EAAB2 /* LaunchScreen.storyboard */ = {
			isa = PBXVariantGroup;
			children = (
				511738E827ED4AE1006EAAB2 /* Base */,
			);
			name = LaunchScreen.storyboard;
			sourceTree = "<group>";
		};
/* End PBXVariantGroup section */

/* Begin XCBuildConfiguration section */
		5117390127ED4AE1006EAAB2 /* Debug */ = {
			isa = XCBuildConfiguration;
			buildSettings = {
				ALWAYS_SEARCH_USER_PATHS = NO;
				CLANG_ANALYZER_NONNULL = YES;
				CLANG_ANALYZER_NUMBER_OBJECT_CONVERSION = YES_AGGRESSIVE;
				CLANG_CXX_LANGUAGE_STANDARD = "gnu++17";
				CLANG_CXX_LIBRARY = "libc++";
				CLANG_ENABLE_MODULES = YES;
				CLANG_ENABLE_OBJC_ARC = YES;
				CLANG_ENABLE_OBJC_WEAK = YES;
				CLANG_WARN_BLOCK_CAPTURE_AUTORELEASING = YES;
				CLANG_WARN_BOOL_CONVERSION = YES;
				CLANG_WARN_COMMA = YES;
				CLANG_WARN_CONSTANT_CONVERSION = YES;
				CLANG_WARN_DEPRECATED_OBJC_IMPLEMENTATIONS = YES;
				CLANG_WARN_DIRECT_OBJC_ISA_USAGE = YES_ERROR;
				CLANG_WARN_DOCUMENTATION_COMMENTS = YES;
				CLANG_WARN_EMPTY_BODY = YES;
				CLANG_WARN_ENUM_CONVERSION = YES;
				CLANG_WARN_INFINITE_RECURSION = YES;
				CLANG_WARN_INT_CONVERSION = YES;
				CLANG_WARN_NON_LITERAL_NULL_CONVERSION = YES;
				CLANG_WARN_OBJC_IMPLICIT_RETAIN_SELF = YES;
				CLANG_WARN_OBJC_LITERAL_CONVERSION = YES;
				CLANG_WARN_OBJC_ROOT_CLASS = YES_ERROR;
				CLANG_WARN_QUOTED_INCLUDE_IN_FRAMEWORK_HEADER = YES;
				CLANG_WARN_RANGE_LOOP_ANALYSIS = YES;
				CLANG_WARN_STRICT_PROTOTYPES = YES;
				CLANG_WARN_SUSPICIOUS_MOVE = YES;
				CLANG_WARN_UNGUARDED_AVAILABILITY = YES_AGGRESSIVE;
				CLANG_WARN_UNREACHABLE_CODE = YES;
				CLANG_WARN__DUPLICATE_METHOD_MATCH = YES;
				COPY_PHASE_STRIP = NO;
				DEBUG_INFORMATION_FORMAT = dwarf;
				ENABLE_STRICT_OBJC_MSGSEND = YES;
				ENABLE_TESTABILITY = YES;
				GCC_C_LANGUAGE_STANDARD = gnu11;
				GCC_DYNAMIC_NO_PIC = NO;
				GCC_NO_COMMON_BLOCKS = YES;
				GCC_OPTIMIZATION_LEVEL = 0;
				GCC_PREPROCESSOR_DEFINITIONS = (
					"DEBUG=1",
					"$(inherited)",
				);
				GCC_WARN_64_TO_32_BIT_CONVERSION = YES;
				GCC_WARN_ABOUT_RETURN_TYPE = YES_ERROR;
				GCC_WARN_UNDECLARED_SELECTOR = YES;
				GCC_WARN_UNINITIALIZED_AUTOS = YES_AGGRESSIVE;
				GCC_WARN_UNUSED_FUNCTION = YES;
				GCC_WARN_UNUSED_VARIABLE = YES;
				IPHONEOS_DEPLOYMENT_TARGET = 15.2;
				MTL_ENABLE_DEBUG_INFO = INCLUDE_SOURCE;
				MTL_FAST_MATH = YES;
				ONLY_ACTIVE_ARCH = YES;
				SDKROOT = iphoneos;
				SWIFT_ACTIVE_COMPILATION_CONDITIONS = DEBUG;
				SWIFT_OPTIMIZATION_LEVEL = "-Onone";
			};
			name = Debug;
		};
		5117390227ED4AE1006EAAB2 /* Release */ = {
			isa = XCBuildConfiguration;
			buildSettings = {
				ALWAYS_SEARCH_USER_PATHS = NO;
				CLANG_ANALYZER_NONNULL = YES;
				CLANG_ANALYZER_NUMBER_OBJECT_CONVERSION = YES_AGGRESSIVE;
				CLANG_CXX_LANGUAGE_STANDARD = "gnu++17";
				CLANG_CXX_LIBRARY = "libc++";
				CLANG_ENABLE_MODULES = YES;
				CLANG_ENABLE_OBJC_ARC = YES;
				CLANG_ENABLE_OBJC_WEAK = YES;
				CLANG_WARN_BLOCK_CAPTURE_AUTORELEASING = YES;
				CLANG_WARN_BOOL_CONVERSION = YES;
				CLANG_WARN_COMMA = YES;
				CLANG_WARN_CONSTANT_CONVERSION = YES;
				CLANG_WARN_DEPRECATED_OBJC_IMPLEMENTATIONS = YES;
				CLANG_WARN_DIRECT_OBJC_ISA_USAGE = YES_ERROR;
				CLANG_WARN_DOCUMENTATION_COMMENTS = YES;
				CLANG_WARN_EMPTY_BODY = YES;
				CLANG_WARN_ENUM_CONVERSION = YES;
				CLANG_WARN_INFINITE_RECURSION = YES;
				CLANG_WARN_INT_CONVERSION = YES;
				CLANG_WARN_NON_LITERAL_NULL_CONVERSION = YES;
				CLANG_WARN_OBJC_IMPLICIT_RETAIN_SELF = YES;
				CLANG_WARN_OBJC_LITERAL_CONVERSION = YES;
				CLANG_WARN_OBJC_ROOT_CLASS = YES_ERROR;
				CLANG_WARN_QUOTED_INCLUDE_IN_FRAMEWORK_HEADER = YES;
				CLANG_WARN_RANGE_LOOP_ANALYSIS = YES;
				CLANG_WARN_STRICT_PROTOTYPES = YES;
				CLANG_WARN_SUSPICIOUS_MOVE = YES;
				CLANG_WARN_UNGUARDED_AVAILABILITY = YES_AGGRESSIVE;
				CLANG_WARN_UNREACHABLE_CODE = YES;
				CLANG_WARN__DUPLICATE_METHOD_MATCH = YES;
				COPY_PHASE_STRIP = NO;
				DEBUG_INFORMATION_FORMAT = "dwarf-with-dsym";
				ENABLE_NS_ASSERTIONS = NO;
				ENABLE_STRICT_OBJC_MSGSEND = YES;
				GCC_C_LANGUAGE_STANDARD = gnu11;
				GCC_NO_COMMON_BLOCKS = YES;
				GCC_WARN_64_TO_32_BIT_CONVERSION = YES;
				GCC_WARN_ABOUT_RETURN_TYPE = YES_ERROR;
				GCC_WARN_UNDECLARED_SELECTOR = YES;
				GCC_WARN_UNINITIALIZED_AUTOS = YES_AGGRESSIVE;
				GCC_WARN_UNUSED_FUNCTION = YES;
				GCC_WARN_UNUSED_VARIABLE = YES;
				IPHONEOS_DEPLOYMENT_TARGET = 15.2;
				MTL_ENABLE_DEBUG_INFO = NO;
				MTL_FAST_MATH = YES;
				SDKROOT = iphoneos;
				SWIFT_COMPILATION_MODE = wholemodule;
				SWIFT_OPTIMIZATION_LEVEL = "-O";
				VALIDATE_PRODUCT = YES;
			};
			name = Release;
		};
		5117390427ED4AE1006EAAB2 /* Debug */ = {
			isa = XCBuildConfiguration;
			buildSettings = {
				ASSETCATALOG_COMPILER_APPICON_NAME = AppIcon;
				ASSETCATALOG_COMPILER_GLOBAL_ACCENT_COLOR_NAME = AccentColor;
				CODE_SIGN_STYLE = Automatic;
				CURRENT_PROJECT_VERSION = 1;
				DEVELOPMENT_TEAM = JU4XYJP45K;
				GENERATE_INFOPLIST_FILE = YES;
				INFOPLIST_FILE = ContactTableViewApp/Info.plist;
				INFOPLIST_KEY_UIApplicationSupportsIndirectInputEvents = YES;
				INFOPLIST_KEY_UILaunchStoryboardName = LaunchScreen;
				INFOPLIST_KEY_UIMainStoryboardFile = Main;
				INFOPLIST_KEY_UISupportedInterfaceOrientations_iPad = "UIInterfaceOrientationPortrait UIInterfaceOrientationPortraitUpsideDown UIInterfaceOrientationLandscapeLeft UIInterfaceOrientationLandscapeRight";
				INFOPLIST_KEY_UISupportedInterfaceOrientations_iPhone = "UIInterfaceOrientationPortrait UIInterfaceOrientationLandscapeLeft UIInterfaceOrientationLandscapeRight";
				LD_RUNPATH_SEARCH_PATHS = (
					"$(inherited)",
					"@executable_path/Frameworks",
				);
				MARKETING_VERSION = 1.0;
				PRODUCT_BUNDLE_IDENTIFIER = "ghp-cBzrdGGyuiZggVp0QgqfyTTSv7O7YY0ZvXPx.ContactTableViewApp";
				PRODUCT_NAME = "$(TARGET_NAME)";
				SWIFT_EMIT_LOC_STRINGS = YES;
				SWIFT_VERSION = 5.0;
				TARGETED_DEVICE_FAMILY = "1,2";
			};
			name = Debug;
		};
		5117390527ED4AE1006EAAB2 /* Release */ = {
			isa = XCBuildConfiguration;
			buildSettings = {
				ASSETCATALOG_COMPILER_APPICON_NAME = AppIcon;
				ASSETCATALOG_COMPILER_GLOBAL_ACCENT_COLOR_NAME = AccentColor;
				CODE_SIGN_STYLE = Automatic;
				CURRENT_PROJECT_VERSION = 1;
				DEVELOPMENT_TEAM = JU4XYJP45K;
				GENERATE_INFOPLIST_FILE = YES;
				INFOPLIST_FILE = ContactTableViewApp/Info.plist;
				INFOPLIST_KEY_UIApplicationSupportsIndirectInputEvents = YES;
				INFOPLIST_KEY_UILaunchStoryboardName = LaunchScreen;
				INFOPLIST_KEY_UIMainStoryboardFile = Main;
				INFOPLIST_KEY_UISupportedInterfaceOrientations_iPad = "UIInterfaceOrientationPortrait UIInterfaceOrientationPortraitUpsideDown UIInterfaceOrientationLandscapeLeft UIInterfaceOrientationLandscapeRight";
				INFOPLIST_KEY_UISupportedInterfaceOrientations_iPhone = "UIInterfaceOrientationPortrait UIInterfaceOrientationLandscapeLeft UIInterfaceOrientationLandscapeRight";
				LD_RUNPATH_SEARCH_PATHS = (
					"$(inherited)",
					"@executable_path/Frameworks",
				);
				MARKETING_VERSION = 1.0;
				PRODUCT_BUNDLE_IDENTIFIER = "ghp-cBzrdGGyuiZggVp0QgqfyTTSv7O7YY0ZvXPx.ContactTableViewApp";
				PRODUCT_NAME = "$(TARGET_NAME)";
				SWIFT_EMIT_LOC_STRINGS = YES;
				SWIFT_VERSION = 5.0;
				TARGETED_DEVICE_FAMILY = "1,2";
			};
			name = Release;
		};
		5117390727ED4AE1006EAAB2 /* Debug */ = {
			isa = XCBuildConfiguration;
			buildSettings = {
				ALWAYS_EMBED_SWIFT_STANDARD_LIBRARIES = YES;
				BUNDLE_LOADER = "$(TEST_HOST)";
				CODE_SIGN_STYLE = Automatic;
				CURRENT_PROJECT_VERSION = 1;
				DEVELOPMENT_TEAM = JU4XYJP45K;
				GENERATE_INFOPLIST_FILE = YES;
				IPHONEOS_DEPLOYMENT_TARGET = 15.2;
				MARKETING_VERSION = 1.0;
				PRODUCT_BUNDLE_IDENTIFIER = "ghp-cBzrdGGyuiZggVp0QgqfyTTSv7O7YY0ZvXPx.ContactTableViewAppTests";
				PRODUCT_NAME = "$(TARGET_NAME)";
				SWIFT_EMIT_LOC_STRINGS = NO;
				SWIFT_VERSION = 5.0;
				TARGETED_DEVICE_FAMILY = "1,2";
				TEST_HOST = "$(BUILT_PRODUCTS_DIR)/ContactTableViewApp.app/ContactTableViewApp";
			};
			name = Debug;
		};
		5117390827ED4AE1006EAAB2 /* Release */ = {
			isa = XCBuildConfiguration;
			buildSettings = {
				ALWAYS_EMBED_SWIFT_STANDARD_LIBRARIES = YES;
				BUNDLE_LOADER = "$(TEST_HOST)";
				CODE_SIGN_STYLE = Automatic;
				CURRENT_PROJECT_VERSION = 1;
				DEVELOPMENT_TEAM = JU4XYJP45K;
				GENERATE_INFOPLIST_FILE = YES;
				IPHONEOS_DEPLOYMENT_TARGET = 15.2;
				MARKETING_VERSION = 1.0;
				PRODUCT_BUNDLE_IDENTIFIER = "ghp-cBzrdGGyuiZggVp0QgqfyTTSv7O7YY0ZvXPx.ContactTableViewAppTests";
				PRODUCT_NAME = "$(TARGET_NAME)";
				SWIFT_EMIT_LOC_STRINGS = NO;
				SWIFT_VERSION = 5.0;
				TARGETED_DEVICE_FAMILY = "1,2";
				TEST_HOST = "$(BUILT_PRODUCTS_DIR)/ContactTableViewApp.app/ContactTableViewApp";
			};
			name = Release;
		};
		5117390A27ED4AE1006EAAB2 /* Debug */ = {
			isa = XCBuildConfiguration;
			buildSettings = {
				ALWAYS_EMBED_SWIFT_STANDARD_LIBRARIES = YES;
				CODE_SIGN_STYLE = Automatic;
				CURRENT_PROJECT_VERSION = 1;
				DEVELOPMENT_TEAM = JU4XYJP45K;
				GENERATE_INFOPLIST_FILE = YES;
				MARKETING_VERSION = 1.0;
				PRODUCT_BUNDLE_IDENTIFIER = "ghp-cBzrdGGyuiZggVp0QgqfyTTSv7O7YY0ZvXPx.ContactTableViewAppUITests";
				PRODUCT_NAME = "$(TARGET_NAME)";
				SWIFT_EMIT_LOC_STRINGS = NO;
				SWIFT_VERSION = 5.0;
				TARGETED_DEVICE_FAMILY = "1,2";
				TEST_TARGET_NAME = ContactTableViewApp;
			};
			name = Debug;
		};
		5117390B27ED4AE1006EAAB2 /* Release */ = {
			isa = XCBuildConfiguration;
			buildSettings = {
				ALWAYS_EMBED_SWIFT_STANDARD_LIBRARIES = YES;
				CODE_SIGN_STYLE = Automatic;
				CURRENT_PROJECT_VERSION = 1;
				DEVELOPMENT_TEAM = JU4XYJP45K;
				GENERATE_INFOPLIST_FILE = YES;
				MARKETING_VERSION = 1.0;
				PRODUCT_BUNDLE_IDENTIFIER = "ghp-cBzrdGGyuiZggVp0QgqfyTTSv7O7YY0ZvXPx.ContactTableViewAppUITests";
				PRODUCT_NAME = "$(TARGET_NAME)";
				SWIFT_EMIT_LOC_STRINGS = NO;
				SWIFT_VERSION = 5.0;
				TARGETED_DEVICE_FAMILY = "1,2";
				TEST_TARGET_NAME = ContactTableViewApp;
			};
			name = Release;
		};
/* End XCBuildConfiguration section */

/* Begin XCConfigurationList section */
		511738D427ED4ADD006EAAB2 /* Build configuration list for PBXProject "ContactTableViewApp" */ = {
			isa = XCConfigurationList;
			buildConfigurations = (
				5117390127ED4AE1006EAAB2 /* Debug */,
				5117390227ED4AE1006EAAB2 /* Release */,
			);
			defaultConfigurationIsVisible = 0;
			defaultConfigurationName = Release;
		};
		5117390327ED4AE1006EAAB2 /* Build configuration list for PBXNativeTarget "ContactTableViewApp" */ = {
			isa = XCConfigurationList;
			buildConfigurations = (
				5117390427ED4AE1006EAAB2 /* Debug */,
				5117390527ED4AE1006EAAB2 /* Release */,
			);
			defaultConfigurationIsVisible = 0;
			defaultConfigurationName = Release;
		};
		5117390627ED4AE1006EAAB2 /* Build configuration list for PBXNativeTarget "ContactTableViewAppTests" */ = {
			isa = XCConfigurationList;
			buildConfigurations = (
				5117390727ED4AE1006EAAB2 /* Debug */,
				5117390827ED4AE1006EAAB2 /* Release */,
			);
			defaultConfigurationIsVisible = 0;
			defaultConfigurationName = Release;
		};
		5117390927ED4AE1006EAAB2 /* Build configuration list for PBXNativeTarget "ContactTableViewAppUITests" */ = {
			isa = XCConfigurationList;
			buildConfigurations = (
				5117390A27ED4AE1006EAAB2 /* Debug */,
				5117390B27ED4AE1006EAAB2 /* Release */,
			);
			defaultConfigurationIsVisible = 0;
			defaultConfigurationName = Release;
		};
/* End XCConfigurationList section */
	};
	rootObject = 511738D127ED4ADD006EAAB2 /* Project object */;
}
